// !$*UTF8*$!
{
	archiveVersion = 1;
	classes = {
	};
	objectVersion = 46;
	objects = {

/* Begin PBXBuildFile section */
		45F645BD1D425D19003D76D9 /* AppDelegate.swift in Sources */ = {isa = PBXBuildFile; fileRef = 45F645BC1D425D19003D76D9 /* AppDelegate.swift */; };
		45F645BF1D425D19003D76D9 /* ViewController.swift in Sources */ = {isa = PBXBuildFile; fileRef = 45F645BE1D425D19003D76D9 /* ViewController.swift */; };
		45F645C21D425D19003D76D9 /* Main.storyboard in Resources */ = {isa = PBXBuildFile; fileRef = 45F645C01D425D19003D76D9 /* Main.storyboard */; };
		45F645C41D425D19003D76D9 /* Assets.xcassets in Resources */ = {isa = PBXBuildFile; fileRef = 45F645C31D425D19003D76D9 /* Assets.xcassets */; };
		45F645C71D425D19003D76D9 /* LaunchScreen.storyboard in Resources */ = {isa = PBXBuildFile; fileRef = 45F645C51D425D19003D76D9 /* LaunchScreen.storyboard */; };
		45F645D21D425D19003D76D9 /* RandomizerTests.swift in Sources */ = {isa = PBXBuildFile; fileRef = 45F645D11D425D19003D76D9 /* RandomizerTests.swift */; };
		45F645DD1D425D19003D76D9 /* RandomizerUITests.swift in Sources */ = {isa = PBXBuildFile; fileRef = 45F645DC1D425D19003D76D9 /* RandomizerUITests.swift */; };
/* End PBXBuildFile section */

/* Begin PBXContainerItemProxy section */
		45F645CE1D425D19003D76D9 /* PBXContainerItemProxy */ = {
			isa = PBXContainerItemProxy;
			containerPortal = 45F645B11D425D19003D76D9 /* Project object */;
			proxyType = 1;
			remoteGlobalIDString = 45F645B81D425D19003D76D9;
			remoteInfo = Randomizer;
		};
		45F645D91D425D19003D76D9 /* PBXContainerItemProxy */ = {
			isa = PBXContainerItemProxy;
			containerPortal = 45F645B11D425D19003D76D9 /* Project object */;
			proxyType = 1;
			remoteGlobalIDString = 45F645B81D425D19003D76D9;
			remoteInfo = Randomizer;
		};
/* End PBXContainerItemProxy section */

/* Begin PBXFileReference section */
		45F645B91D425D19003D76D9 /* Randomizer.app */ = {isa = PBXFileReference; explicitFileType = wrapper.application; includeInIndex = 0; path = Randomizer.app; sourceTree = BUILT_PRODUCTS_DIR; };
		45F645BC1D425D19003D76D9 /* AppDelegate.swift */ = {isa = PBXFileReference; lastKnownFileType = sourcecode.swift; path = AppDelegate.swift; sourceTree = "<group>"; };
		45F645BE1D425D19003D76D9 /* ViewController.swift */ = {isa = PBXFileReference; lastKnownFileType = sourcecode.swift; path = ViewController.swift; sourceTree = "<group>"; };
		45F645C11D425D19003D76D9 /* Base */ = {isa = PBXFileReference; lastKnownFileType = file.storyboard; name = Base; path = Base.lproj/Main.storyboard; sourceTree = "<group>"; };
		45F645C31D425D19003D76D9 /* Assets.xcassets */ = {isa = PBXFileReference; lastKnownFileType = folder.assetcatalog; path = Assets.xcassets; sourceTree = "<group>"; };
		45F645C61D425D19003D76D9 /* Base */ = {isa = PBXFileReference; lastKnownFileType = file.storyboard; name = Base; path = Base.lproj/LaunchScreen.storyboard; sourceTree = "<group>"; };
		45F645C81D425D19003D76D9 /* Info.plist */ = {isa = PBXFileReference; lastKnownFileType = text.plist.xml; path = Info.plist; sourceTree = "<group>"; };
		45F645CD1D425D19003D76D9 /* RandomizerTests.xctest */ = {isa = PBXFileReference; explicitFileType = wrapper.cfbundle; includeInIndex = 0; path = RandomizerTests.xctest; sourceTree = BUILT_PRODUCTS_DIR; };
		45F645D11D425D19003D76D9 /* RandomizerTests.swift */ = {isa = PBXFileReference; lastKnownFileType = sourcecode.swift; path = RandomizerTests.swift; sourceTree = "<group>"; };
		45F645D31D425D19003D76D9 /* Info.plist */ = {isa = PBXFileReference; lastKnownFileType = text.plist.xml; path = Info.plist; sourceTree = "<group>"; };
		45F645D81D425D19003D76D9 /* RandomizerUITests.xctest */ = {isa = PBXFileReference; explicitFileType = wrapper.cfbundle; includeInIndex = 0; path = RandomizerUITests.xctest; sourceTree = BUILT_PRODUCTS_DIR; };
		45F645DC1D425D19003D76D9 /* RandomizerUITests.swift */ = {isa = PBXFileReference; lastKnownFileType = sourcecode.swift; path = RandomizerUITests.swift; sourceTree = "<group>"; };
		45F645DE1D425D19003D76D9 /* Info.plist */ = {isa = PBXFileReference; lastKnownFileType = text.plist.xml; path = Info.plist; sourceTree = "<group>"; };
/* End PBXFileReference section */

/* Begin PBXFrameworksBuildPhase section */
		45F645B61D425D19003D76D9 /* Frameworks */ = {
			isa = PBXFrameworksBuildPhase;
			buildActionMask = 2147483647;
			files = (
			);
			runOnlyForDeploymentPostprocessing = 0;
		};
		45F645CA1D425D19003D76D9 /* Frameworks */ = {
			isa = PBXFrameworksBuildPhase;
			buildActionMask = 2147483647;
			files = (
			);
			runOnlyForDeploymentPostprocessing = 0;
		};
		45F645D51D425D19003D76D9 /* Frameworks */ = {
			isa = PBXFrameworksBuildPhase;
			buildActionMask = 2147483647;
			files = (
			);
			runOnlyForDeploymentPostprocessing = 0;
		};
/* End PBXFrameworksBuildPhase section */

/* Begin PBXGroup section */
		45F645B01D425D19003D76D9 = {
			isa = PBXGroup;
			children = (
				45F645BB1D425D19003D76D9 /* Randomizer */,
				45F645D01D425D19003D76D9 /* RandomizerTests */,
				45F645DB1D425D19003D76D9 /* RandomizerUITests */,
				45F645BA1D425D19003D76D9 /* Products */,
			);
			sourceTree = "<group>";
		};
		45F645BA1D425D19003D76D9 /* Products */ = {
			isa = PBXGroup;
			children = (
				45F645B91D425D19003D76D9 /* Randomizer.app */,
				45F645CD1D425D19003D76D9 /* RandomizerTests.xctest */,
				45F645D81D425D19003D76D9 /* RandomizerUITests.xctest */,
			);
			name = Products;
			sourceTree = "<group>";
		};
		45F645BB1D425D19003D76D9 /* Randomizer */ = {
			isa = PBXGroup;
			children = (
				45F645BC1D425D19003D76D9 /* AppDelegate.swift */,
				45F645BE1D425D19003D76D9 /* ViewController.swift */,
				45F645C01D425D19003D76D9 /* Main.storyboard */,
				45F645C31D425D19003D76D9 /* Assets.xcassets */,
				45F645C51D425D19003D76D9 /* LaunchScreen.storyboard */,
				45F645C81D425D19003D76D9 /* Info.plist */,
			);
			path = Randomizer;
			sourceTree = "<group>";
		};
		45F645D01D425D19003D76D9 /* RandomizerTests */ = {
			isa = PBXGroup;
			children = (
				45F645D11D425D19003D76D9 /* RandomizerTests.swift */,
				45F645D31D425D19003D76D9 /* Info.plist */,
			);
			path = RandomizerTests;
			sourceTree = "<group>";
		};
		45F645DB1D425D19003D76D9 /* RandomizerUITests */ = {
			isa = PBXGroup;
			children = (
				45F645DC1D425D19003D76D9 /* RandomizerUITests.swift */,
				45F645DE1D425D19003D76D9 /* Info.plist */,
			);
			path = RandomizerUITests;
			sourceTree = "<group>";
		};
/* End PBXGroup section */

/* Begin PBXNativeTarget section */
		45F645B81D425D19003D76D9 /* Randomizer */ = {
			isa = PBXNativeTarget;
			buildConfigurationList = 45F645E11D425D19003D76D9 /* Build configuration list for PBXNativeTarget "Randomizer" */;
			buildPhases = (
				45F645B51D425D19003D76D9 /* Sources */,
				45F645B61D425D19003D76D9 /* Frameworks */,
				45F645B71D425D19003D76D9 /* Resources */,
			);
			buildRules = (
			);
			dependencies = (
			);
			name = Randomizer;
			productName = Randomizer;
			productReference = 45F645B91D425D19003D76D9 /* Randomizer.app */;
			productType = "com.apple.product-type.application";
		};
		45F645CC1D425D19003D76D9 /* RandomizerTests */ = {
			isa = PBXNativeTarget;
			buildConfigurationList = 45F645E41D425D19003D76D9 /* Build configuration list for PBXNativeTarget "RandomizerTests" */;
			buildPhases = (
				45F645C91D425D19003D76D9 /* Sources */,
				45F645CA1D425D19003D76D9 /* Frameworks */,
				45F645CB1D425D19003D76D9 /* Resources */,
			);
			buildRules = (
			);
			dependencies = (
				45F645CF1D425D19003D76D9 /* PBXTargetDependency */,
			);
			name = RandomizerTests;
			productName = RandomizerTests;
			productReference = 45F645CD1D425D19003D76D9 /* RandomizerTests.xctest */;
			productType = "com.apple.product-type.bundle.unit-test";
		};
		45F645D71D425D19003D76D9 /* RandomizerUITests */ = {
			isa = PBXNativeTarget;
			buildConfigurationList = 45F645E71D425D19003D76D9 /* Build configuration list for PBXNativeTarget "RandomizerUITests" */;
			buildPhases = (
				45F645D41D425D19003D76D9 /* Sources */,
				45F645D51D425D19003D76D9 /* Frameworks */,
				45F645D61D425D19003D76D9 /* Resources */,
			);
			buildRules = (
			);
			dependencies = (
				45F645DA1D425D19003D76D9 /* PBXTargetDependency */,
			);
			name = RandomizerUITests;
			productName = RandomizerUITests;
			productReference = 45F645D81D425D19003D76D9 /* RandomizerUITests.xctest */;
			productType = "com.apple.product-type.bundle.ui-testing";
		};
/* End PBXNativeTarget section */

/* Begin PBXProject section */
		45F645B11D425D19003D76D9 /* Project object */ = {
			isa = PBXProject;
			attributes = {
				LastSwiftUpdateCheck = 0730;
				LastUpgradeCheck = 0730;
				ORGANIZATIONNAME = "Zachary Rutherford";
				TargetAttributes = {
					45F645B81D425D19003D76D9 = {
						CreatedOnToolsVersion = 7.3.1;
					};
					45F645CC1D425D19003D76D9 = {
						CreatedOnToolsVersion = 7.3.1;
						TestTargetID = 45F645B81D425D19003D76D9;
					};
					45F645D71D425D19003D76D9 = {
						CreatedOnToolsVersion = 7.3.1;
						TestTargetID = 45F645B81D425D19003D76D9;
					};
				};
			};
			buildConfigurationList = 45F645B41D425D19003D76D9 /* Build configuration list for PBXProject "Randomizer" */;
			compatibilityVersion = "Xcode 3.2";
			developmentRegion = English;
			hasScannedForEncodings = 0;
			knownRegions = (
				en,
				Base,
			);
			mainGroup = 45F645B01D425D19003D76D9;
			productRefGroup = 45F645BA1D425D19003D76D9 /* Products */;
			projectDirPath = "";
			projectRoot = "";
			targets = (
				45F645B81D425D19003D76D9 /* Randomizer */,
				45F645CC1D425D19003D76D9 /* RandomizerTests */,
				45F645D71D425D19003D76D9 /* RandomizerUITests */,
			);
		};
/* End PBXProject section */

/* Begin PBXResourcesBuildPhase section */
		45F645B71D425D19003D76D9 /* Resources */ = {
			isa = PBXResourcesBuildPhase;
			buildActionMask = 2147483647;
			files = (
				45F645C71D425D19003D76D9 /* LaunchScreen.storyboard in Resources */,
				45F645C41D425D19003D76D9 /* Assets.xcassets in Resources */,
				45F645C21D425D19003D76D9 /* Main.storyboard in Resources */,
			);
			runOnlyForDeploymentPostprocessing = 0;
		};
		45F645CB1D425D19003D76D9 /* Resources */ = {
			isa = PBXResourcesBuildPhase;
			buildActionMask = 2147483647;
			files = (
			);
			runOnlyForDeploymentPostprocessing = 0;
		};
		45F645D61D425D19003D76D9 /* Resources */ = {
			isa = PBXResourcesBuildPhase;
			buildActionMask = 2147483647;
			files = (
			);
			runOnlyForDeploymentPostprocessing = 0;
		};
/* End PBXResourcesBuildPhase section */

/* Begin PBXSourcesBuildPhase section */
		45F645B51D425D19003D76D9 /* Sources */ = {
			isa = PBXSourcesBuildPhase;
			buildActionMask = 2147483647;
			files = (
				45F645BF1D425D19003D76D9 /* ViewController.swift in Sources */,
				45F645BD1D425D19003D76D9 /* AppDelegate.swift in Sources */,
			);
			runOnlyForDeploymentPostprocessing = 0;
		};
		45F645C91D425D19003D76D9 /* Sources */ = {
			isa = PBXSourcesBuildPhase;
			buildActionMask = 2147483647;
			files = (
				45F645D21D425D19003D76D9 /* RandomizerTests.swift in Sources */,
			);
			runOnlyForDeploymentPostprocessing = 0;
		};
		45F645D41D425D19003D76D9 /* Sources */ = {
			isa = PBXSourcesBuildPhase;
			buildActionMask = 2147483647;
			files = (
				45F645DD1D425D19003D76D9 /* RandomizerUITests.swift in Sources */,
			);
			runOnlyForDeploymentPostprocessing = 0;
		};
/* End PBXSourcesBuildPhase section */

/* Begin PBXTargetDependency section */
		45F645CF1D425D19003D76D9 /* PBXTargetDependency */ = {
			isa = PBXTargetDependency;
			target = 45F645B81D425D19003D76D9 /* Randomizer */;
			targetProxy = 45F645CE1D425D19003D76D9 /* PBXContainerItemProxy */;
		};
		45F645DA1D425D19003D76D9 /* PBXTargetDependency */ = {
			isa = PBXTargetDependency;
			target = 45F645B81D425D19003D76D9 /* Randomizer */;
			targetProxy = 45F645D91D425D19003D76D9 /* PBXContainerItemProxy */;
		};
/* End PBXTargetDependency section */

/* Begin PBXVariantGroup section */
		45F645C01D425D19003D76D9 /* Main.storyboard */ = {
			isa = PBXVariantGroup;
			children = (
				45F645C11D425D19003D76D9 /* Base */,
			);
			name = Main.storyboard;
			sourceTree = "<group>";
		};
		45F645C51D425D19003D76D9 /* LaunchScreen.storyboard */ = {
			isa = PBXVariantGroup;
			children = (
				45F645C61D425D19003D76D9 /* Base */,
			);
			name = LaunchScreen.storyboard;
			sourceTree = "<group>";
		};
/* End PBXVariantGroup section */

/* Begin XCBuildConfiguration section */
		45F645DF1D425D19003D76D9 /* Debug */ = {
			isa = XCBuildConfiguration;
			buildSettings = {
				ALWAYS_SEARCH_USER_PATHS = NO;
				CLANG_ANALYZER_NONNULL = YES;
				CLANG_CXX_LANGUAGE_STANDARD = "gnu++0x";
				CLANG_CXX_LIBRARY = "libc++";
				CLANG_ENABLE_MODULES = YES;
				CLANG_ENABLE_OBJC_ARC = YES;
				CLANG_WARN_BOOL_CONVERSION = YES;
				CLANG_WARN_CONSTANT_CONVERSION = YES;
				CLANG_WARN_DIRECT_OBJC_ISA_USAGE = YES_ERROR;
				CLANG_WARN_EMPTY_BODY = YES;
				CLANG_WARN_ENUM_CONVERSION = YES;
				CLANG_WARN_INT_CONVERSION = YES;
				CLANG_WARN_OBJC_ROOT_CLASS = YES_ERROR;
				CLANG_WARN_UNREACHABLE_CODE = YES;
				CLANG_WARN__DUPLICATE_METHOD_MATCH = YES;
				"CODE_SIGN_IDENTITY[sdk=iphoneos*]" = "iPhone Developer";
				COPY_PHASE_STRIP = NO;
				DEBUG_INFORMATION_FORMAT = dwarf;
				ENABLE_STRICT_OBJC_MSGSEND = YES;
				ENABLE_TESTABILITY = YES;
				GCC_C_LANGUAGE_STANDARD = gnu99;
				GCC_DYNAMIC_NO_PIC = NO;
				GCC_NO_COMMON_BLOCKS = YES;
				GCC_OPTIMIZATION_LEVEL = 0;
				GCC_PREPROCESSOR_DEFINITIONS = (
					"DEBUG=1",
					"$(inherited)",
				);
				GCC_WARN_64_TO_32_BIT_CONVERSION = YES;
				GCC_WARN_ABOUT_RETURN_TYPE = YES_ERROR;
				GCC_WARN_UNDECLARED_SELECTOR = YES;
				GCC_WARN_UNINITIALIZED_AUTOS = YES_AGGRESSIVE;
				GCC_WARN_UNUSED_FUNCTION = YES;
				GCC_WARN_UNUSED_VARIABLE = YES;
				IPHONEOS_DEPLOYMENT_TARGET = 9.3;
				MTL_ENABLE_DEBUG_INFO = YES;
				ONLY_ACTIVE_ARCH = YES;
				SDKROOT = iphoneos;
				SWIFT_OPTIMIZATION_LEVEL = "-Onone";
				TARGETED_DEVICE_FAMILY = "1,2";
			};
			name = Debug;
		};
		45F645E01D425D19003D76D9 /* Release */ = {
			isa = XCBuildConfiguration;
			buildSettings = {
				ALWAYS_SEARCH_USER_PATHS = NO;
				CLANG_ANALYZER_NONNULL = YES;
				CLANG_CXX_LANGUAGE_STANDARD = "gnu++0x";
				CLANG_CXX_LIBRARY = "libc++";
				CLANG_ENABLE_MODULES = YES;
				CLANG_ENABLE_OBJC_ARC = YES;
				CLANG_WARN_BOOL_CONVERSION = YES;
				CLANG_WARN_CONSTANT_CONVERSION = YES;
				CLANG_WARN_DIRECT_OBJC_ISA_USAGE = YES_ERROR;
				CLANG_WARN_EMPTY_BODY = YES;
				CLANG_WARN_ENUM_CONVERSION = YES;
				CLANG_WARN_INT_CONVERSION = YES;
				CLANG_WARN_OBJC_ROOT_CLASS = YES_ERROR;
				CLANG_WARN_UNREACHABLE_CODE = YES;
				CLANG_WARN__DUPLICATE_METHOD_MATCH = YES;
				"CODE_SIGN_IDENTITY[sdk=iphoneos*]" = "iPhone Developer";
				COPY_PHASE_STRIP = NO;
				DEBUG_INFORMATION_FORMAT = "dwarf-with-dsym";
				ENABLE_NS_ASSERTIONS = NO;
				ENABLE_STRICT_OBJC_MSGSEND = YES;
				GCC_C_LANGUAGE_STANDARD = gnu99;
				GCC_NO_COMMON_BLOCKS = YES;
				GCC_WARN_64_TO_32_BIT_CONVERSION = YES;
				GCC_WARN_ABOUT_RETURN_TYPE = YES_ERROR;
				GCC_WARN_UNDECLARED_SELECTOR = YES;
				GCC_WARN_UNINITIALIZED_AUTOS = YES_AGGRESSIVE;
				GCC_WARN_UNUSED_FUNCTION = YES;
				GCC_WARN_UNUSED_VARIABLE = YES;
				IPHONEOS_DEPLOYMENT_TARGET = 9.3;
				MTL_ENABLE_DEBUG_INFO = NO;
				SDKROOT = iphoneos;
				TARGETED_DEVICE_FAMILY = "1,2";
				VALIDATE_PRODUCT = YES;
			};
			name = Release;
		};
		45F645E21D425D19003D76D9 /* Debug */ = {
			isa = XCBuildConfiguration;
			buildSettings = {
				ASSETCATALOG_COMPILER_APPICON_NAME = AppIcon;
				INFOPLIST_FILE = Randomizer/Info.plist;
				LD_RUNPATH_SEARCH_PATHS = "$(inherited) @executable_path/Frameworks";
				PRODUCT_BUNDLE_IDENTIFIER = com.me.Randomizer;
				PRODUCT_NAME = "$(TARGET_NAME)";
			};
			name = Debug;
		};
		45F645E31D425D19003D76D9 /* Release */ = {
			isa = XCBuildConfiguration;
			buildSettings = {
				ASSETCATALOG_COMPILER_APPICON_NAME = AppIcon;
				INFOPLIST_FILE = Randomizer/Info.plist;
				LD_RUNPATH_SEARCH_PATHS = "$(inherited) @executable_path/Frameworks";
				PRODUCT_BUNDLE_IDENTIFIER = com.me.Randomizer;
				PRODUCT_NAME = "$(TARGET_NAME)";
			};
			name = Release;
		};
		45F645E51D425D19003D76D9 /* Debug */ = {
			isa = XCBuildConfiguration;
			buildSettings = {
				BUNDLE_LOADER = "$(TEST_HOST)";
				INFOPLIST_FILE = RandomizerTests/Info.plist;
				LD_RUNPATH_SEARCH_PATHS = "$(inherited) @executable_path/Frameworks @loader_path/Frameworks";
				PRODUCT_BUNDLE_IDENTIFIER = com.me.RandomizerTests;
				PRODUCT_NAME = "$(TARGET_NAME)";
				TEST_HOST = "$(BUILT_PRODUCTS_DIR)/Randomizer.app/Randomizer";
			};
			name = Debug;
		};
		45F645E61D425D19003D76D9 /* Release */ = {
			isa = XCBuildConfiguration;
			buildSettings = {
				BUNDLE_LOADER = "$(TEST_HOST)";
				INFOPLIST_FILE = RandomizerTests/Info.plist;
				LD_RUNPATH_SEARCH_PATHS = "$(inherited) @executable_path/Frameworks @loader_path/Frameworks";
				PRODUCT_BUNDLE_IDENTIFIER = com.me.RandomizerTests;
				PRODUCT_NAME = "$(TARGET_NAME)";
				TEST_HOST = "$(BUILT_PRODUCTS_DIR)/Randomizer.app/Randomizer";
			};
			name = Release;
		};
		45F645E81D425D19003D76D9 /* Debug */ = {
			isa = XCBuildConfiguration;
			buildSettings = {
				INFOPLIST_FILE = RandomizerUITests/Info.plist;
				LD_RUNPATH_SEARCH_PATHS = "$(inherited) @executable_path/Frameworks @loader_path/Frameworks";
				PRODUCT_BUNDLE_IDENTIFIER = com.me.RandomizerUITests;
				PRODUCT_NAME = "$(TARGET_NAME)";
				TEST_TARGET_NAME = Randomizer;
			};
			name = Debug;
		};
		45F645E91D425D19003D76D9 /* Release */ = {
			isa = XCBuildConfiguration;
			buildSettings = {
				INFOPLIST_FILE = RandomizerUITests/Info.plist;
				LD_RUNPATH_SEARCH_PATHS = "$(inherited) @executable_path/Frameworks @loader_path/Frameworks";
				PRODUCT_BUNDLE_IDENTIFIER = com.me.RandomizerUITests;
				PRODUCT_NAME = "$(TARGET_NAME)";
				TEST_TARGET_NAME = Randomizer;
			};
			name = Release;
		};
/* End XCBuildConfiguration section */

/* Begin XCConfigurationList section */
		45F645B41D425D19003D76D9 /* Build configuration list for PBXProject "Randomizer" */ = {
			isa = XCConfigurationList;
			buildConfigurations = (
				45F645DF1D425D19003D76D9 /* Debug */,
				45F645E01D425D19003D76D9 /* Release */,
			);
			defaultConfigurationIsVisible = 0;
			defaultConfigurationName = Release;
		};
		45F645E11D425D19003D76D9 /* Build configuration list for PBXNativeTarget "Randomizer" */ = {
			isa = XCConfigurationList;
			buildConfigurations = (
				45F645E21D425D19003D76D9 /* Debug */,
				45F645E31D425D19003D76D9 /* Release */,
			);
			defaultConfigurationIsVisible = 0;
		};
		45F645E41D425D19003D76D9 /* Build configuration list for PBXNativeTarget "RandomizerTests" */ = {
			isa = XCConfigurationList;
			buildConfigurations = (
				45F645E51D425D19003D76D9 /* Debug */,
				45F645E61D425D19003D76D9 /* Release */,
			);
			defaultConfigurationIsVisible = 0;
		};
		45F645E71D425D19003D76D9 /* Build configuration list for PBXNativeTarget "RandomizerUITests" */ = {
			isa = XCConfigurationList;
			buildConfigurations = (
				45F645E81D425D19003D76D9 /* Debug */,
				45F645E91D425D19003D76D9 /* Release */,
			);
			defaultConfigurationIsVisible = 0;
		};
/* End XCConfigurationList section */
	};
	rootObject = 45F645B11D425D19003D76D9 /* Project object */;
}
